# THIS IS AN AUTOGENERATED FILE. DO NOT EDIT THIS FILE DIRECTLY.
# yarn lockfile v1


"@fontsource-variable/space-grotesk@^5.0.8":
  version "5.0.8"
  resolved "https://registry.yarnpkg.com/@fontsource-variable/space-grotesk/-/space-grotesk-5.0.8.tgz#b3c459db7e74f91c6c4db7ea80bcddb6b0d29fa2"
  integrity sha512-vrj5WdSqVpQGqOug8hEWvgvnXq2Hsc63LKXHGYRA9lGJhYbru0WQKH3EEei97DkAUdgBOn/NKQpfbUS0V35Kgw==
